
Microsoft Visual Studio Solution File, Format Version 12.00
# Visual Studio Version 17
VisualStudioVersion = 17.11.35219.272
MinimumVisualStudioVersion = 10.0.40219.1
Project("{9A19103F-16F7-4668-BE54-9A1E7A4F7556}") = "Algo", "Algo\Algo.csproj", "{6056BA82-CEFC-4E97-B9AB-EF1C3B20291F}"
EndProject
Project("{9A19103F-16F7-4668-BE54-9A1E7A4F7556}") = "Algo.Benchmarks", "Algo.Benchmarks\Algo.Benchmarks.csproj", "{4A12B556-B581-4BAC-A692-DBE73427AEBA}"
EndProject
Project("{FAE04EC0-301F-11D3-BF4B-00C04F79EFBC}") = "Algo.Tests", "Algo.Tests\Algo.Tests.csproj", "{89FDC20A-F6FA-4E5E-B8BB-7728021F41C2}"
EndProject
Global
	GlobalSection(SolutionConfigurationPlatforms) = preSolution
		Debug|Any CPU = Debug|Any CPU
		Release|Any CPU = Release|Any CPU
	EndGlobalSection
	GlobalSection(ProjectConfigurationPlatforms) = postSolution
		{6056BA82-CEFC-4E97-B9AB-EF1C3B20291F}.Debug|Any CPU.ActiveCfg = Debug|Any CPU
		{6056BA82-CEFC-4E97-B9AB-EF1C3B20291F}.Debug|Any CPU.Build.0 = Debug|Any CPU
		{6056BA82-CEFC-4E97-B9AB-EF1C3B20291F}.Release|Any CPU.ActiveCfg = Release|Any CPU
		{6056BA82-CEFC-4E97-B9AB-EF1C3B20291F}.Release|Any CPU.Build.0 = Release|Any CPU
		{4A12B556-B581-4BAC-A692-DBE73427AEBA}.Debug|Any CPU.ActiveCfg = Debug|Any CPU
		{4A12B556-B581-4BAC-A692-DBE73427AEBA}.Debug|Any CPU.Build.0 = Debug|Any CPU
		{4A12B556-B581-4BAC-A692-DBE73427AEBA}.Release|Any CPU.ActiveCfg = Release|Any CPU
		{4A12B556-B581-4BAC-A692-DBE73427AEBA}.Release|Any CPU.Build.0 = Release|Any CPU
		{89FDC20A-F6FA-4E5E-B8BB-7728021F41C2}.Debug|Any CPU.ActiveCfg = Debug|Any CPU
		{89FDC20A-F6FA-4E5E-B8BB-7728021F41C2}.Debug|Any CPU.Build.0 = Debug|Any CPU
		{89FDC20A-F6FA-4E5E-B8BB-7728021F41C2}.Release|Any CPU.ActiveCfg = Release|Any CPU
		{89FDC20A-F6FA-4E5E-B8BB-7728021F41C2}.Release|Any CPU.Build.0 = Release|Any CPU
	EndGlobalSection
	GlobalSection(SolutionProperties) = preSolution
		HideSolutionNode = FALSE
	EndGlobalSection
	GlobalSection(ExtensibilityGlobals) = postSolution
		SolutionGuid = {3C796CE2-C8C1-403F-BDFB-F87546E7635F}
	EndGlobalSection
EndGlobal
